PODS:
  - Flutter (1.0.0)
  - flutter_auth0 (0.0.1):
    - Flutter

DEPENDENCIES:
  - Flutter (from `.symlinks/flutter/ios`)
  - flutter_auth0 (from `.symlinks/plugins/flutter_auth0/ios`)

EXTERNAL SOURCES:
  Flutter:
    :path: ".symlinks/flutter/ios"
  flutter_auth0:
    :path: ".symlinks/plugins/flutter_auth0/ios"

SPEC CHECKSUMS:
  Flutter: 58dd7d1b27887414a370fcccb9e645c08ffd7a6a
  flutter_auth0: 1d379ce1faf80f27b1058ef2502b6d0181561bdb

PODFILE CHECKSUM: ebd43b443038e611b86ede96e613bd6033c49497

COCOAPODS: 1.6.1
